// !$*UTF8*$!
{
	archiveVersion = 1;
	classes = {
	};
	objectVersion = 50;
	objects = {

/* Begin PBXBuildFile section */
		4DF4330820C2795600E7E4FD /* AppDelegate.swift in Sources */ = {isa = PBXBuildFile; fileRef = 4DF4330720C2795600E7E4FD /* AppDelegate.swift */; };
		4DF4330A20C2795600E7E4FD /* ViewController.swift in Sources */ = {isa = PBXBuildFile; fileRef = 4DF4330920C2795600E7E4FD /* ViewController.swift */; };
		4DF4330D20C2795600E7E4FD /* Main.storyboard in Resources */ = {isa = PBXBuildFile; fileRef = 4DF4330B20C2795600E7E4FD /* Main.storyboard */; };
		4DF4330F20C2795800E7E4FD /* Assets.xcassets in Resources */ = {isa = PBXBuildFile; fileRef = 4DF4330E20C2795800E7E4FD /* Assets.xcassets */; };
		4DF4331220C2795800E7E4FD /* LaunchScreen.storyboard in Resources */ = {isa = PBXBuildFile; fileRef = 4DF4331020C2795800E7E4FD /* LaunchScreen.storyboard */; };
		4DF4331D20C2795800E7E4FD /* ReadFilePlistDemoTests.swift in Sources */ = {isa = PBXBuildFile; fileRef = 4DF4331C20C2795800E7E4FD /* ReadFilePlistDemoTests.swift */; };
		4DF4332820C2795800E7E4FD /* ReadFilePlistDemoUITests.swift in Sources */ = {isa = PBXBuildFile; fileRef = 4DF4332720C2795800E7E4FD /* ReadFilePlistDemoUITests.swift */; };
		4DF4333620C2799800E7E4FD /* myData.plist in Resources */ = {isa = PBXBuildFile; fileRef = 4DF4333520C2799800E7E4FD /* myData.plist */; };
/* End PBXBuildFile section */

/* Begin PBXContainerItemProxy section */
		4DF4331920C2795800E7E4FD /* PBXContainerItemProxy */ = {
			isa = PBXContainerItemProxy;
			containerPortal = 4DF432FC20C2795500E7E4FD /* Project object */;
			proxyType = 1;
			remoteGlobalIDString = 4DF4330320C2795600E7E4FD;
			remoteInfo = ReadFilePlistDemo;
		};
		4DF4332420C2795800E7E4FD /* PBXContainerItemProxy */ = {
			isa = PBXContainerItemProxy;
			containerPortal = 4DF432FC20C2795500E7E4FD /* Project object */;
			proxyType = 1;
			remoteGlobalIDString = 4DF4330320C2795600E7E4FD;
			remoteInfo = ReadFilePlistDemo;
		};
/* End PBXContainerItemProxy section */

/* Begin PBXFileReference section */
		4DF4330420C2795600E7E4FD /* ReadFilePlistDemo.app */ = {isa = PBXFileReference; explicitFileType = wrapper.application; includeInIndex = 0; path = ReadFilePlistDemo.app; sourceTree = BUILT_PRODUCTS_DIR; };
		4DF4330720C2795600E7E4FD /* AppDelegate.swift */ = {isa = PBXFileReference; lastKnownFileType = sourcecode.swift; path = AppDelegate.swift; sourceTree = "<group>"; };
		4DF4330920C2795600E7E4FD /* ViewController.swift */ = {isa = PBXFileReference; lastKnownFileType = sourcecode.swift; path = ViewController.swift; sourceTree = "<group>"; };
		4DF4330C20C2795600E7E4FD /* Base */ = {isa = PBXFileReference; lastKnownFileType = file.storyboard; name = Base; path = Base.lproj/Main.storyboard; sourceTree = "<group>"; };
		4DF4330E20C2795800E7E4FD /* Assets.xcassets */ = {isa = PBXFileReference; lastKnownFileType = folder.assetcatalog; path = Assets.xcassets; sourceTree = "<group>"; };
		4DF4331120C2795800E7E4FD /* Base */ = {isa = PBXFileReference; lastKnownFileType = file.storyboard; name = Base; path = Base.lproj/LaunchScreen.storyboard; sourceTree = "<group>"; };
		4DF4331320C2795800E7E4FD /* Info.plist */ = {isa = PBXFileReference; lastKnownFileType = text.plist.xml; path = Info.plist; sourceTree = "<group>"; };
		4DF4331820C2795800E7E4FD /* ReadFilePlistDemoTests.xctest */ = {isa = PBXFileReference; explicitFileType = wrapper.cfbundle; includeInIndex = 0; path = ReadFilePlistDemoTests.xctest; sourceTree = BUILT_PRODUCTS_DIR; };
		4DF4331C20C2795800E7E4FD /* ReadFilePlistDemoTests.swift */ = {isa = PBXFileReference; lastKnownFileType = sourcecode.swift; path = ReadFilePlistDemoTests.swift; sourceTree = "<group>"; };
		4DF4331E20C2795800E7E4FD /* Info.plist */ = {isa = PBXFileReference; lastKnownFileType = text.plist.xml; path = Info.plist; sourceTree = "<group>"; };
		4DF4332320C2795800E7E4FD /* ReadFilePlistDemoUITests.xctest */ = {isa = PBXFileReference; explicitFileType = wrapper.cfbundle; includeInIndex = 0; path = ReadFilePlistDemoUITests.xctest; sourceTree = BUILT_PRODUCTS_DIR; };
		4DF4332720C2795800E7E4FD /* ReadFilePlistDemoUITests.swift */ = {isa = PBXFileReference; lastKnownFileType = sourcecode.swift; path = ReadFilePlistDemoUITests.swift; sourceTree = "<group>"; };
		4DF4332920C2795800E7E4FD /* Info.plist */ = {isa = PBXFileReference; lastKnownFileType = text.plist.xml; path = Info.plist; sourceTree = "<group>"; };
		4DF4333520C2799800E7E4FD /* myData.plist */ = {isa = PBXFileReference; lastKnownFileType = text.plist.xml; path = myData.plist; sourceTree = "<group>"; };
/* End PBXFileReference section */

/* Begin PBXFrameworksBuildPhase section */
		4DF4330120C2795600E7E4FD /* Frameworks */ = {
			isa = PBXFrameworksBuildPhase;
			buildActionMask = 2147483647;
			files = (
			);
			runOnlyForDeploymentPostprocessing = 0;
		};
		4DF4331520C2795800E7E4FD /* Frameworks */ = {
			isa = PBXFrameworksBuildPhase;
			buildActionMask = 2147483647;
			files = (
			);
			runOnlyForDeploymentPostprocessing = 0;
		};
		4DF4332020C2795800E7E4FD /* Frameworks */ = {
			isa = PBXFrameworksBuildPhase;
			buildActionMask = 2147483647;
			files = (
			);
			runOnlyForDeploymentPostprocessing = 0;
		};
/* End PBXFrameworksBuildPhase section */

/* Begin PBXGroup section */
		4DF432FB20C2795500E7E4FD = {
			isa = PBXGroup;
			children = (
				4DF4330620C2795600E7E4FD /* ReadFilePlistDemo */,
				4DF4331B20C2795800E7E4FD /* ReadFilePlistDemoTests */,
				4DF4332620C2795800E7E4FD /* ReadFilePlistDemoUITests */,
				4DF4330520C2795600E7E4FD /* Products */,
			);
			sourceTree = "<group>";
		};
		4DF4330520C2795600E7E4FD /* Products */ = {
			isa = PBXGroup;
			children = (
				4DF4330420C2795600E7E4FD /* ReadFilePlistDemo.app */,
				4DF4331820C2795800E7E4FD /* ReadFilePlistDemoTests.xctest */,
				4DF4332320C2795800E7E4FD /* ReadFilePlistDemoUITests.xctest */,
			);
			name = Products;
			sourceTree = "<group>";
		};
		4DF4330620C2795600E7E4FD /* ReadFilePlistDemo */ = {
			isa = PBXGroup;
			children = (
				4DF4330720C2795600E7E4FD /* AppDelegate.swift */,
				4DF4330920C2795600E7E4FD /* ViewController.swift */,
				4DF4330B20C2795600E7E4FD /* Main.storyboard */,
				4DF4330E20C2795800E7E4FD /* Assets.xcassets */,
				4DF4331020C2795800E7E4FD /* LaunchScreen.storyboard */,
				4DF4331320C2795800E7E4FD /* Info.plist */,
				4DF4333520C2799800E7E4FD /* myData.plist */,
			);
			path = ReadFilePlistDemo;
			sourceTree = "<group>";
		};
		4DF4331B20C2795800E7E4FD /* ReadFilePlistDemoTests */ = {
			isa = PBXGroup;
			children = (
				4DF4331C20C2795800E7E4FD /* ReadFilePlistDemoTests.swift */,
				4DF4331E20C2795800E7E4FD /* Info.plist */,
			);
			path = ReadFilePlistDemoTests;
			sourceTree = "<group>";
		};
		4DF4332620C2795800E7E4FD /* ReadFilePlistDemoUITests */ = {
			isa = PBXGroup;
			children = (
				4DF4332720C2795800E7E4FD /* ReadFilePlistDemoUITests.swift */,
				4DF4332920C2795800E7E4FD /* Info.plist */,
			);
			path = ReadFilePlistDemoUITests;
			sourceTree = "<group>";
		};
/* End PBXGroup section */

/* Begin PBXNativeTarget section */
		4DF4330320C2795600E7E4FD /* ReadFilePlistDemo */ = {
			isa = PBXNativeTarget;
			buildConfigurationList = 4DF4332C20C2795800E7E4FD /* Build configuration list for PBXNativeTarget "ReadFilePlistDemo" */;
			buildPhases = (
				4DF4330020C2795600E7E4FD /* Sources */,
				4DF4330120C2795600E7E4FD /* Frameworks */,
				4DF4330220C2795600E7E4FD /* Resources */,
			);
			buildRules = (
			);
			dependencies = (
			);
			name = ReadFilePlistDemo;
			productName = ReadFilePlistDemo;
			productReference = 4DF4330420C2795600E7E4FD /* ReadFilePlistDemo.app */;
			productType = "com.apple.product-type.application";
		};
		4DF4331720C2795800E7E4FD /* ReadFilePlistDemoTests */ = {
			isa = PBXNativeTarget;
			buildConfigurationList = 4DF4332F20C2795800E7E4FD /* Build configuration list for PBXNativeTarget "ReadFilePlistDemoTests" */;
			buildPhases = (
				4DF4331420C2795800E7E4FD /* Sources */,
				4DF4331520C2795800E7E4FD /* Frameworks */,
				4DF4331620C2795800E7E4FD /* Resources */,
			);
			buildRules = (
			);
			dependencies = (
				4DF4331A20C2795800E7E4FD /* PBXTargetDependency */,
			);
			name = ReadFilePlistDemoTests;
			productName = ReadFilePlistDemoTests;
			productReference = 4DF4331820C2795800E7E4FD /* ReadFilePlistDemoTests.xctest */;
			productType = "com.apple.product-type.bundle.unit-test";
		};
		4DF4332220C2795800E7E4FD /* ReadFilePlistDemoUITests */ = {
			isa = PBXNativeTarget;
			buildConfigurationList = 4DF4333220C2795800E7E4FD /* Build configuration list for PBXNativeTarget "ReadFilePlistDemoUITests" */;
			buildPhases = (
				4DF4331F20C2795800E7E4FD /* Sources */,
				4DF4332020C2795800E7E4FD /* Frameworks */,
				4DF4332120C2795800E7E4FD /* Resources */,
			);
			buildRules = (
			);
			dependencies = (
				4DF4332520C2795800E7E4FD /* PBXTargetDependency */,
			);
			name = ReadFilePlistDemoUITests;
			productName = ReadFilePlistDemoUITests;
			productReference = 4DF4332320C2795800E7E4FD /* ReadFilePlistDemoUITests.xctest */;
			productType = "com.apple.product-type.bundle.ui-testing";
		};
/* End PBXNativeTarget section */

/* Begin PBXProject section */
		4DF432FC20C2795500E7E4FD /* Project object */ = {
			isa = PBXProject;
			attributes = {
				LastSwiftUpdateCheck = 0930;
				LastUpgradeCheck = 0930;
				ORGANIZATIONNAME = "Anton Sheremet";
				TargetAttributes = {
					4DF4330320C2795600E7E4FD = {
						CreatedOnToolsVersion = 9.3;
					};
					4DF4331720C2795800E7E4FD = {
						CreatedOnToolsVersion = 9.3;
						TestTargetID = 4DF4330320C2795600E7E4FD;
					};
					4DF4332220C2795800E7E4FD = {
						CreatedOnToolsVersion = 9.3;
						TestTargetID = 4DF4330320C2795600E7E4FD;
					};
				};
			};
			buildConfigurationList = 4DF432FF20C2795500E7E4FD /* Build configuration list for PBXProject "ReadFilePlistDemo" */;
			compatibilityVersion = "Xcode 9.3";
			developmentRegion = en;
			hasScannedForEncodings = 0;
			knownRegions = (
				en,
				Base,
			);
			mainGroup = 4DF432FB20C2795500E7E4FD;
			productRefGroup = 4DF4330520C2795600E7E4FD /* Products */;
			projectDirPath = "";
			projectRoot = "";
			targets = (
				4DF4330320C2795600E7E4FD /* ReadFilePlistDemo */,
				4DF4331720C2795800E7E4FD /* ReadFilePlistDemoTests */,
				4DF4332220C2795800E7E4FD /* ReadFilePlistDemoUITests */,
			);
		};
/* End PBXProject section */

/* Begin PBXResourcesBuildPhase section */
		4DF4330220C2795600E7E4FD /* Resources */ = {
			isa = PBXResourcesBuildPhase;
			buildActionMask = 2147483647;
			files = (
				4DF4331220C2795800E7E4FD /* LaunchScreen.storyboard in Resources */,
				4DF4330F20C2795800E7E4FD /* Assets.xcassets in Resources */,
				4DF4333620C2799800E7E4FD /* myData.plist in Resources */,
				4DF4330D20C2795600E7E4FD /* Main.storyboard in Resources */,
			);
			runOnlyForDeploymentPostprocessing = 0;
		};
		4DF4331620C2795800E7E4FD /* Resources */ = {
			isa = PBXResourcesBuildPhase;
			buildActionMask = 2147483647;
			files = (
			);
			runOnlyForDeploymentPostprocessing = 0;
		};
		4DF4332120C2795800E7E4FD /* Resources */ = {
			isa = PBXResourcesBuildPhase;
			buildActionMask = 2147483647;
			files = (
			);
			runOnlyForDeploymentPostprocessing = 0;
		};
/* End PBXResourcesBuildPhase section */

/* Begin PBXSourcesBuildPhase section */
		4DF4330020C2795600E7E4FD /* Sources */ = {
			isa = PBXSourcesBuildPhase;
			buildActionMask = 2147483647;
			files = (
				4DF4330A20C2795600E7E4FD /* ViewController.swift in Sources */,
				4DF4330820C2795600E7E4FD /* AppDelegate.swift in Sources */,
			);
			runOnlyForDeploymentPostprocessing = 0;
		};
		4DF4331420C2795800E7E4FD /* Sources */ = {
			isa = PBXSourcesBuildPhase;
			buildActionMask = 2147483647;
			files = (
				4DF4331D20C2795800E7E4FD /* ReadFilePlistDemoTests.swift in Sources */,
			);
			runOnlyForDeploymentPostprocessing = 0;
		};
		4DF4331F20C2795800E7E4FD /* Sources */ = {
			isa = PBXSourcesBuildPhase;
			buildActionMask = 2147483647;
			files = (
				4DF4332820C2795800E7E4FD /* ReadFilePlistDemoUITests.swift in Sources */,
			);
			runOnlyForDeploymentPostprocessing = 0;
		};
/* End PBXSourcesBuildPhase section */

/* Begin PBXTargetDependency section */
		4DF4331A20C2795800E7E4FD /* PBXTargetDependency */ = {
			isa = PBXTargetDependency;
			target = 4DF4330320C2795600E7E4FD /* ReadFilePlistDemo */;
			targetProxy = 4DF4331920C2795800E7E4FD /* PBXContainerItemProxy */;
		};
		4DF4332520C2795800E7E4FD /* PBXTargetDependency */ = {
			isa = PBXTargetDependency;
			target = 4DF4330320C2795600E7E4FD /* ReadFilePlistDemo */;
			targetProxy = 4DF4332420C2795800E7E4FD /* PBXContainerItemProxy */;
		};
/* End PBXTargetDependency section */

/* Begin PBXVariantGroup section */
		4DF4330B20C2795600E7E4FD /* Main.storyboard */ = {
			isa = PBXVariantGroup;
			children = (
				4DF4330C20C2795600E7E4FD /* Base */,
			);
			name = Main.storyboard;
			sourceTree = "<group>";
		};
		4DF4331020C2795800E7E4FD /* LaunchScreen.storyboard */ = {
			isa = PBXVariantGroup;
			children = (
				4DF4331120C2795800E7E4FD /* Base */,
			);
			name = LaunchScreen.storyboard;
			sourceTree = "<group>";
		};
/* End PBXVariantGroup section */

/* Begin XCBuildConfiguration section */
		4DF4332A20C2795800E7E4FD /* Debug */ = {
			isa = XCBuildConfiguration;
			buildSettings = {
				ALWAYS_SEARCH_USER_PATHS = NO;
				CLANG_ANALYZER_NONNULL = YES;
				CLANG_ANALYZER_NUMBER_OBJECT_CONVERSION = YES_AGGRESSIVE;
				CLANG_CXX_LANGUAGE_STANDARD = "gnu++14";
				CLANG_CXX_LIBRARY = "libc++";
				CLANG_ENABLE_MODULES = YES;
				CLANG_ENABLE_OBJC_ARC = YES;
				CLANG_ENABLE_OBJC_WEAK = YES;
				CLANG_WARN_BLOCK_CAPTURE_AUTORELEASING = YES;
				CLANG_WARN_BOOL_CONVERSION = YES;
				CLANG_WARN_COMMA = YES;
				CLANG_WARN_CONSTANT_CONVERSION = YES;
				CLANG_WARN_DEPRECATED_OBJC_IMPLEMENTATIONS = YES;
				CLANG_WARN_DIRECT_OBJC_ISA_USAGE = YES_ERROR;
				CLANG_WARN_DOCUMENTATION_COMMENTS = YES;
				CLANG_WARN_EMPTY_BODY = YES;
				CLANG_WARN_ENUM_CONVERSION = YES;
				CLANG_WARN_INFINITE_RECURSION = YES;
				CLANG_WARN_INT_CONVERSION = YES;
				CLANG_WARN_NON_LITERAL_NULL_CONVERSION = YES;
				CLANG_WARN_OBJC_IMPLICIT_RETAIN_SELF = YES;
				CLANG_WARN_OBJC_LITERAL_CONVERSION = YES;
				CLANG_WARN_OBJC_ROOT_CLASS = YES_ERROR;
				CLANG_WARN_RANGE_LOOP_ANALYSIS = YES;
				CLANG_WARN_STRICT_PROTOTYPES = YES;
				CLANG_WARN_SUSPICIOUS_MOVE = YES;
				CLANG_WARN_UNGUARDED_AVAILABILITY = YES_AGGRESSIVE;
				CLANG_WARN_UNREACHABLE_CODE = YES;
				CLANG_WARN__DUPLICATE_METHOD_MATCH = YES;
				CODE_SIGN_IDENTITY = "iPhone Developer";
				COPY_PHASE_STRIP = NO;
				DEBUG_INFORMATION_FORMAT = dwarf;
				ENABLE_STRICT_OBJC_MSGSEND = YES;
				ENABLE_TESTABILITY = YES;
				GCC_C_LANGUAGE_STANDARD = gnu11;
				GCC_DYNAMIC_NO_PIC = NO;
				GCC_NO_COMMON_BLOCKS = YES;
				GCC_OPTIMIZATION_LEVEL = 0;
				GCC_PREPROCESSOR_DEFINITIONS = (
					"DEBUG=1",
					"$(inherited)",
				);
				GCC_WARN_64_TO_32_BIT_CONVERSION = YES;
				GCC_WARN_ABOUT_RETURN_TYPE = YES_ERROR;
				GCC_WARN_UNDECLARED_SELECTOR = YES;
				GCC_WARN_UNINITIALIZED_AUTOS = YES_AGGRESSIVE;
				GCC_WARN_UNUSED_FUNCTION = YES;
				GCC_WARN_UNUSED_VARIABLE = YES;
				IPHONEOS_DEPLOYMENT_TARGET = 11.3;
				MTL_ENABLE_DEBUG_INFO = YES;
				ONLY_ACTIVE_ARCH = YES;
				SDKROOT = iphoneos;
				SWIFT_ACTIVE_COMPILATION_CONDITIONS = DEBUG;
				SWIFT_OPTIMIZATION_LEVEL = "-Onone";
			};
			name = Debug;
		};
		4DF4332B20C2795800E7E4FD /* Release */ = {
			isa = XCBuildConfiguration;
			buildSettings = {
				ALWAYS_SEARCH_USER_PATHS = NO;
				CLANG_ANALYZER_NONNULL = YES;
				CLANG_ANALYZER_NUMBER_OBJECT_CONVERSION = YES_AGGRESSIVE;
				CLANG_CXX_LANGUAGE_STANDARD = "gnu++14";
				CLANG_CXX_LIBRARY = "libc++";
				CLANG_ENABLE_MODULES = YES;
				CLANG_ENABLE_OBJC_ARC = YES;
				CLANG_ENABLE_OBJC_WEAK = YES;
				CLANG_WARN_BLOCK_CAPTURE_AUTORELEASING = YES;
				CLANG_WARN_BOOL_CONVERSION = YES;
				CLANG_WARN_COMMA = YES;
				CLANG_WARN_CONSTANT_CONVERSION = YES;
				CLANG_WARN_DEPRECATED_OBJC_IMPLEMENTATIONS = YES;
				CLANG_WARN_DIRECT_OBJC_ISA_USAGE = YES_ERROR;
				CLANG_WARN_DOCUMENTATION_COMMENTS = YES;
				CLANG_WARN_EMPTY_BODY = YES;
				CLANG_WARN_ENUM_CONVERSION = YES;
				CLANG_WARN_INFINITE_RECURSION = YES;
				CLANG_WARN_INT_CONVERSION = YES;
				CLANG_WARN_NON_LITERAL_NULL_CONVERSION = YES;
				CLANG_WARN_OBJC_IMPLICIT_RETAIN_SELF = YES;
				CLANG_WARN_OBJC_LITERAL_CONVERSION = YES;
				CLANG_WARN_OBJC_ROOT_CLASS = YES_ERROR;
				CLANG_WARN_RANGE_LOOP_ANALYSIS = YES;
				CLANG_WARN_STRICT_PROTOTYPES = YES;
				CLANG_WARN_SUSPICIOUS_MOVE = YES;
				CLANG_WARN_UNGUARDED_AVAILABILITY = YES_AGGRESSIVE;
				CLANG_WARN_UNREACHABLE_CODE = YES;
				CLANG_WARN__DUPLICATE_METHOD_MATCH = YES;
				CODE_SIGN_IDENTITY = "iPhone Developer";
				COPY_PHASE_STRIP = NO;
				DEBUG_INFORMATION_FORMAT = "dwarf-with-dsym";
				ENABLE_NS_ASSERTIONS = NO;
				ENABLE_STRICT_OBJC_MSGSEND = YES;
				GCC_C_LANGUAGE_STANDARD = gnu11;
				GCC_NO_COMMON_BLOCKS = YES;
				GCC_WARN_64_TO_32_BIT_CONVERSION = YES;
				GCC_WARN_ABOUT_RETURN_TYPE = YES_ERROR;
				GCC_WARN_UNDECLARED_SELECTOR = YES;
				GCC_WARN_UNINITIALIZED_AUTOS = YES_AGGRESSIVE;
				GCC_WARN_UNUSED_FUNCTION = YES;
				GCC_WARN_UNUSED_VARIABLE = YES;
				IPHONEOS_DEPLOYMENT_TARGET = 11.3;
				MTL_ENABLE_DEBUG_INFO = NO;
				SDKROOT = iphoneos;
				SWIFT_COMPILATION_MODE = wholemodule;
				SWIFT_OPTIMIZATION_LEVEL = "-O";
				VALIDATE_PRODUCT = YES;
			};
			name = Release;
		};
		4DF4332D20C2795800E7E4FD /* Debug */ = {
			isa = XCBuildConfiguration;
			buildSettings = {
				ASSETCATALOG_COMPILER_APPICON_NAME = AppIcon;
				CODE_SIGN_STYLE = Automatic;
				INFOPLIST_FILE = ReadFilePlistDemo/Info.plist;
				LD_RUNPATH_SEARCH_PATHS = (
					"$(inherited)",
					"@executable_path/Frameworks",
				);
				PRODUCT_BUNDLE_IDENTIFIER = NoOrganization.ReadFilePlistDemo;
				PRODUCT_NAME = "$(TARGET_NAME)";
				SWIFT_VERSION = 4.0;
				TARGETED_DEVICE_FAMILY = "1,2";
			};
			name = Debug;
		};
		4DF4332E20C2795800E7E4FD /* Release */ = {
			isa = XCBuildConfiguration;
			buildSettings = {
				ASSETCATALOG_COMPILER_APPICON_NAME = AppIcon;
				CODE_SIGN_STYLE = Automatic;
				INFOPLIST_FILE = ReadFilePlistDemo/Info.plist;
				LD_RUNPATH_SEARCH_PATHS = (
					"$(inherited)",
					"@executable_path/Frameworks",
				);
				PRODUCT_BUNDLE_IDENTIFIER = NoOrganization.ReadFilePlistDemo;
				PRODUCT_NAME = "$(TARGET_NAME)";
				SWIFT_VERSION = 4.0;
				TARGETED_DEVICE_FAMILY = "1,2";
			};
			name = Release;
		};
		4DF4333020C2795800E7E4FD /* Debug */ = {
			isa = XCBuildConfiguration;
			buildSettings = {
				ALWAYS_EMBED_SWIFT_STANDARD_LIBRARIES = YES;
				BUNDLE_LOADER = "$(TEST_HOST)";
				CODE_SIGN_STYLE = Automatic;
				INFOPLIST_FILE = ReadFilePlistDemoTests/Info.plist;
				LD_RUNPATH_SEARCH_PATHS = (
					"$(inherited)",
					"@executable_path/Frameworks",
					"@loader_path/Frameworks",
				);
				PRODUCT_BUNDLE_IDENTIFIER = NoOrganization.ReadFilePlistDemoTests;
				PRODUCT_NAME = "$(TARGET_NAME)";
				SWIFT_VERSION = 4.0;
				TARGETED_DEVICE_FAMILY = "1,2";
				TEST_HOST = "$(BUILT_PRODUCTS_DIR)/ReadFilePlistDemo.app/ReadFilePlistDemo";
			};
			name = Debug;
		};
		4DF4333120C2795800E7E4FD /* Release */ = {
			isa = XCBuildConfiguration;
			buildSettings = {
				ALWAYS_EMBED_SWIFT_STANDARD_LIBRARIES = YES;
				BUNDLE_LOADER = "$(TEST_HOST)";
				CODE_SIGN_STYLE = Automatic;
				INFOPLIST_FILE = ReadFilePlistDemoTests/Info.plist;
				LD_RUNPATH_SEARCH_PATHS = (
					"$(inherited)",
					"@executable_path/Frameworks",
					"@loader_path/Frameworks",
				);
				PRODUCT_BUNDLE_IDENTIFIER = NoOrganization.ReadFilePlistDemoTests;
				PRODUCT_NAME = "$(TARGET_NAME)";
				SWIFT_VERSION = 4.0;
				TARGETED_DEVICE_FAMILY = "1,2";
				TEST_HOST = "$(BUILT_PRODUCTS_DIR)/ReadFilePlistDemo.app/ReadFilePlistDemo";
			};
			name = Release;
		};
		4DF4333320C2795800E7E4FD /* Debug */ = {
			isa = XCBuildConfiguration;
			buildSettings = {
				ALWAYS_EMBED_SWIFT_STANDARD_LIBRARIES = YES;
				CODE_SIGN_STYLE = Automatic;
				INFOPLIST_FILE = ReadFilePlistDemoUITests/Info.plist;
				LD_RUNPATH_SEARCH_PATHS = (
					"$(inherited)",
					"@executable_path/Frameworks",
					"@loader_path/Frameworks",
				);
				PRODUCT_BUNDLE_IDENTIFIER = NoOrganization.ReadFilePlistDemoUITests;
				PRODUCT_NAME = "$(TARGET_NAME)";
				SWIFT_VERSION = 4.0;
				TARGETED_DEVICE_FAMILY = "1,2";
				TEST_TARGET_NAME = ReadFilePlistDemo;
			};
			name = Debug;
		};
		4DF4333420C2795800E7E4FD /* Release */ = {
			isa = XCBuildConfiguration;
			buildSettings = {
				ALWAYS_EMBED_SWIFT_STANDARD_LIBRARIES = YES;
				CODE_SIGN_STYLE = Automatic;
				INFOPLIST_FILE = ReadFilePlistDemoUITests/Info.plist;
				LD_RUNPATH_SEARCH_PATHS = (
					"$(inherited)",
					"@executable_path/Frameworks",
					"@loader_path/Frameworks",
				);
				PRODUCT_BUNDLE_IDENTIFIER = NoOrganization.ReadFilePlistDemoUITests;
				PRODUCT_NAME = "$(TARGET_NAME)";
				SWIFT_VERSION = 4.0;
				TARGETED_DEVICE_FAMILY = "1,2";
				TEST_TARGET_NAME = ReadFilePlistDemo;
			};
			name = Release;
		};
/* End XCBuildConfiguration section */

/* Begin XCConfigurationList section */
		4DF432FF20C2795500E7E4FD /* Build configuration list for PBXProject "ReadFilePlistDemo" */ = {
			isa = XCConfigurationList;
			buildConfigurations = (
				4DF4332A20C2795800E7E4FD /* Debug */,
				4DF4332B20C2795800E7E4FD /* Release */,
			);
			defaultConfigurationIsVisible = 0;
			defaultConfigurationName = Release;
		};
		4DF4332C20C2795800E7E4FD /* Build configuration list for PBXNativeTarget "ReadFilePlistDemo" */ = {
			isa = XCConfigurationList;
			buildConfigurations = (
				4DF4332D20C2795800E7E4FD /* Debug */,
				4DF4332E20C2795800E7E4FD /* Release */,
			);
			defaultConfigurationIsVisible = 0;
			defaultConfigurationName = Release;
		};
		4DF4332F20C2795800E7E4FD /* Build configuration list for PBXNativeTarget "ReadFilePlistDemoTests" */ = {
			isa = XCConfigurationList;
			buildConfigurations = (
				4DF4333020C2795800E7E4FD /* Debug */,
				4DF4333120C2795800E7E4FD /* Release */,
			);
			defaultConfigurationIsVisible = 0;
			defaultConfigurationName = Release;
		};
		4DF4333220C2795800E7E4FD /* Build configuration list for PBXNativeTarget "ReadFilePlistDemoUITests" */ = {
			isa = XCConfigurationList;
			buildConfigurations = (
				4DF4333320C2795800E7E4FD /* Debug */,
				4DF4333420C2795800E7E4FD /* Release */,
			);
			defaultConfigurationIsVisible = 0;
			defaultConfigurationName = Release;
		};
/* End XCConfigurationList section */
	};
	rootObject = 4DF432FC20C2795500E7E4FD /* Project object */;
}
